{
  "name": "gkos-engine-lite",
  "version": "2.1.2",
  "lockfileVersion": 3,
  "requires": true,
  "packages": {
    "": {
      "name": "gkos-engine-lite",
      "version": "2.1.2",
      "license": "Apache-2.0",
      "dependencies": {
        "gkos-engine": "github:Odenknight/GKOS-Engine#5b72aae1aad5b6416b8cb86a4137a7e536d8bb59"
      },
      "bin": {
        "okf-lite": "bin/okf-lite.mjs"
      },
      "engines": {
        "node": ">=22 <25",
        "npm": ">=10"
      }
    },
    "node_modules/gkos-engine": {
      "version": "2.1.2",
      "resolved": "git+ssh://git@github.com/Odenknight/GKOS-Engine.git#5b72aae1aad5b6416b8cb86a4137a7e536d8bb59",
      "integrity": "sha512-SNDHrI0ErxgCtMrdg8C5tfedIzAqAdlmnBVzOfWe/+7b/+T2YNvVBIR2bbB9OSaZBgNHCrNlTL9EC4BS1is4AA==",
      "license": "Apache-2.0",
      "bin": {
        "gkx": "bin/gkx.mjs"
      },
      "engines": {
        "node": ">=22 <25",
        "npm": ">=10"
      }
    }
  }
}
