{
  "name": "gkos-engine-lite",
  "version": "2.1.2",
  "lockfileVersion": 3,
  "requires": true,
  "packages": {
    "": {
      "name": "gkos-engine-lite",
      "version": "2.1.2",
      "license": "Apache-2.0",
      "dependencies": {
        "gkos-engine": "github:Odenknight/GKOS-Engine#6e2df27d33ede62ee0d2e3cb7610df478a7d66ce"
      },
      "bin": {
        "okf-lite": "bin/okf-lite.mjs"
      },
      "engines": {
        "node": ">=22 <25",
        "npm": ">=10"
      }
    },
    "node_modules/gkos-engine": {
      "version": "2.1.2",
      "resolved": "git+ssh://git@github.com/Odenknight/GKOS-Engine.git#6e2df27d33ede62ee0d2e3cb7610df478a7d66ce",
      "integrity": "sha512-uZViiD2A2G3isVdlVVZdLjJR9p+e5vqKJxVrH9UAaI8xYcXoo9Q9tA9YyzOuk54LCmt7X3r9sYgOcv/BiJxeNA==",
      "license": "Apache-2.0",
      "bin": {
        "gkx": "bin/gkx.mjs"
      },
      "engines": {
        "node": ">=22 <25",
        "npm": ">=10"
      }
    }
  }
}
