{
  "name": "gkos-engine-lite",
  "version": "1.0.6",
  "lockfileVersion": 3,
  "requires": true,
  "packages": {
    "": {
      "name": "gkos-engine-lite",
      "version": "1.0.6",
      "license": "MIT",
      "dependencies": {
        "gkos-engine": "github:Odenknight/GKOS-Engine#v1.0.7"
      },
      "bin": {
        "okf-lite": "bin/okf-lite.mjs"
      },
      "engines": {
        "node": ">=22 <25",
        "npm": ">=10"
      }
    },
    "node_modules/gkos-engine": {
      "version": "1.0.7",
      "resolved": "git+ssh://git@github.com/Odenknight/GKOS-Engine.git#53f0c156863fdcc381c68122ddbc4eb934b38135",
      "license": "MIT",
      "bin": {
        "okf": "bin/okf.mjs"
      },
      "engines": {
        "node": ">=22 <25",
        "npm": ">=10"
      }
    }
  }
}
